
Microsoft Visual Studio Solution File, Format Version 12.00
# Visual Studio Version 17
VisualStudioVersion = 17.14.36511.14 d17.14
MinimumVisualStudioVersion = 10.0.40219.1
Project("{FAE04EC0-301F-11D3-BF4B-00C04F79EFBC}") = "XabboImager", "XabboImager.csproj", "{FC3BAF6D-E181-4042-164A-0975D9FF732A}"
EndProject
Global
	GlobalSection(SolutionConfigurationPlatforms) = preSolution
		Debug|Any CPU = Debug|Any CPU
		Release|Any CPU = Release|Any CPU
	EndGlobalSection
	GlobalSection(ProjectConfigurationPlatforms) = postSolution
		{FC3BAF6D-E181-4042-164A-0975D9FF732A}.Debug|Any CPU.ActiveCfg = Debug|Any CPU
		{FC3BAF6D-E181-4042-164A-0975D9FF732A}.Debug|Any CPU.Build.0 = Debug|Any CPU
		{FC3BAF6D-E181-4042-164A-0975D9FF732A}.Release|Any CPU.ActiveCfg = Release|Any CPU
		{FC3BAF6D-E181-4042-164A-0975D9FF732A}.Release|Any CPU.Build.0 = Release|Any CPU
	EndGlobalSection
	GlobalSection(SolutionProperties) = preSolution
		HideSolutionNode = FALSE
	EndGlobalSection
	GlobalSection(ExtensibilityGlobals) = postSolution
		SolutionGuid = {B2C3381F-2642-47E5-ABE6-2A2960FFC4D8}
	EndGlobalSection
EndGlobal
